
Microsoft Visual Studio Solution File, Format Version 12.00
# Visual Studio Version 16
VisualStudioVersion = 16.0.33423.256
MinimumVisualStudioVersion = 10.0.40219.1
Project("{FAE04EC0-301F-11D3-BF4B-00C04F79EFBC}") = "Resturant management system", "Resturant management system\Resturant management system.csproj", "{6817EEA4-DBE1-4C35-A790-992A41DC5410}"
EndProject
Global
	GlobalSection(SolutionConfigurationPlatforms) = preSolution
		Debug|Any CPU = Debug|Any CPU
		Release|Any CPU = Release|Any CPU
	EndGlobalSection
	GlobalSection(ProjectConfigurationPlatforms) = postSolution
		{6817EEA4-DBE1-4C35-A790-992A41DC5410}.Debug|Any CPU.ActiveCfg = Debug|Any CPU
		{6817EEA4-DBE1-4C35-A790-992A41DC5410}.Debug|Any CPU.Build.0 = Debug|Any CPU
		{6817EEA4-DBE1-4C35-A790-992A41DC5410}.Release|Any CPU.ActiveCfg = Release|Any CPU
		{6817EEA4-DBE1-4C35-A790-992A41DC5410}.Release|Any CPU.Build.0 = Release|Any CPU
	EndGlobalSection
	GlobalSection(SolutionProperties) = preSolution
		HideSolutionNode = FALSE
	EndGlobalSection
	GlobalSection(ExtensibilityGlobals) = postSolution
		SolutionGuid = {A913A234-C9DB-4DDA-B481-AA18760163CE}
	EndGlobalSection
EndGlobal
